DEPENDENCIES
  apt (~> 1.9.0)
  nfs
  rvm
    git: git://github.com/fnichol/chef-rvm.git
    revision: dd58087e7399097a9b9df4e2e7235908aace2afd
  sudo

GRAPH
  apt (1.9.2)
  chef_gem (0.1.0)
  java (1.22.0)
  line (0.5.1)
  nfs (2.0.0)
    line (>= 0.0.0)
  rvm (0.9.2)
    chef_gem (>= 0.0.0)
    java (>= 0.0.0)
  sudo (2.6.0)
